{
    "_readme": [
        "This file locks the dependencies of your project to a known state",
        "Read more about it at https://getcomposer.org/doc/01-basic-usage.md#composer-lock-the-lock-file",
        "This file is @generated automatically"
    ],
    "hash": "ace0aff89cdefe690b3b1b424c22de3a",
    "content-hash": "8adae89ec058826d257123df7c0dfd6f",
    "packages": [
        {
            "name": "amphp/amp",
            "version": "v1.0.8",
            "source": {
                "type": "git",
                "url": "https://github.com/amphp/amp.git",
                "reference": "4b667478f4b70a62e0f3abe7cfb8250e5a11ce0f"
            },
            "dist": {
                "type": "zip",
                "url": "https://api.github.com/repos/amphp/amp/zipball/4b667478f4b70a62e0f3abe7cfb8250e5a11ce0f",
                "reference": "4b667478f4b70a62e0f3abe7cfb8250e5a11ce0f",
                "shasum": ""
            },
            "require": {
                "php": ">=5.5"
            },
            "require-dev": {
                "fabpot/php-cs-fixer": "~1.9",
                "phpunit/phpunit": "~4.8"
            },
            "type": "library",
            "extra": {
                "branch-alias": {
                    "dev-master": "1.0.x-dev"
                }
            },
            "autoload": {
                "psr-4": {
                    "Amp\\": "lib/"
                },
                "files": [
                    "lib/functions.php"
                ]
            },
            "notification-url": "https://packagist.org/downloads/",
            "license": [
                "MIT"
            ],
            "authors": [
                {
                    "name": "Daniel Lowrey",
                    "email": "rdlowrey@php.net",
                    "role": "Creator / Lead Developer"
                }
            ],
            "description": "A non-blocking concurrency framework for PHP applications",
            "homepage": "https://github.com/amphp/amp",
            "keywords": [
                "async",
                "concurrency",
                "event",
                "non-blocking",
                "promise"
            ],
            "time": "2016-02-22 22:17:50"
        },
        {
            "name": "amphp/artax",
            "version": "2.0.2",
            "source": {
                "type": "git",
                "url": "https://github.com/amphp/artax.git",
                "reference": "6679833f65b055533e8777a2a2cb248b8e573877"
            },
            "dist": {
                "type": "zip",
                "url": "https://api.github.com/repos/amphp/artax/zipball/6679833f65b055533e8777a2a2cb248b8e573877",
                "reference": "6679833f65b055533e8777a2a2cb248b8e573877",
                "shasum": ""
            },
            "require": {
                "amphp/amp": "^1",
                "amphp/socket": "^0.9",
                "php": ">=5.5.0"
            },
            "require-dev": {
                "fabpot/php-cs-fixer": "~1.9",
                "phpunit/phpunit": "~4.8"
            },
            "type": "library",
            "extra": {
                "branch-alias": {
                    "dev-master": "2.x-dev",
                    "dev-1.x": "1.x-dev"
                }
            },
            "autoload": {
                "psr-4": {
                    "Amp\\Artax\\": "lib/"
                }
            },
            "notification-url": "https://packagist.org/downloads/",
            "license": [
                "MIT"
            ],
            "authors": [
                {
                    "name": "Daniel Lowrey",
                    "email": "rdlowrey@gmail.com",
                    "role": "Creator / Lead Developer"
                }
            ],
            "description": "Asynchronous parallel HTTP/1.1 client built on the Amp concurrency framework",
            "homepage": "https://github.com/amphp/artax",
            "keywords": [
                "async",
                "client",
                "http",
                "non-blocking",
                "parallel",
                "rest"
            ],
            "time": "2016-02-04 23:58:31"
        },
        {
            "name": "amphp/cache",
            "version": "v0.1.0",
            "source": {
                "type": "git",
                "url": "https://github.com/amphp/cache.git",
                "reference": "26709c198dcee686557801eda6d9345f3cfa8874"
            },
            "dist": {
                "type": "zip",
                "url": "https://api.github.com/repos/amphp/cache/zipball/26709c198dcee686557801eda6d9345f3cfa8874",
                "reference": "26709c198dcee686557801eda6d9345f3cfa8874",
                "shasum": ""
            },
            "require": {
                "amphp/amp": "^1"
            },
            "require-dev": {
                "fabpot/php-cs-fixer": "~1.9",
                "phpunit/phpunit": "~4.8"
            },
            "suggest": {
                "amphp/redis": "For redis cache driver support"
            },
            "type": "library",
            "autoload": {
                "psr-4": {
                    "Amp\\Cache\\": "lib/"
                }
            },
            "notification-url": "https://packagist.org/downloads/",
            "license": [
                "MIT"
            ],
            "authors": [
                {
                    "name": "Niklas Keller",
                    "email": "me@kelunik.com"
                },
                {
                    "name": "Daniel Lowrey",
                    "email": "rdlowrey@php.net"
                }
            ],
            "description": "A promise-aware caching API built on the amp concurrency framework",
            "homepage": "https://github.com/amphp/cache",
            "time": "2015-09-08 22:26:20"
        },
        {
            "name": "amphp/dns",
            "version": "v0.8.6",
            "source": {
                "type": "git",
                "url": "https://github.com/amphp/dns.git",
                "reference": "2ca9766dffc014f25f7d8ecba46c75d7d6e39090"
            },
            "dist": {
                "type": "zip",
                "url": "https://api.github.com/repos/amphp/dns/zipball/2ca9766dffc014f25f7d8ecba46c75d7d6e39090",
                "reference": "2ca9766dffc014f25f7d8ecba46c75d7d6e39090",
                "shasum": ""
            },
            "require": {
                "amphp/amp": "^1",
                "amphp/cache": "^0.1",
                "amphp/file": "^0.1",
                "daverandom/libdns": "^1",
                "php": ">=5.5"
            },
            "require-dev": {
                "fabpot/php-cs-fixer": "^1.9",
                "phpunit/phpunit": "^4.8"
            },
            "type": "library",
            "autoload": {
                "psr-4": {
                    "Amp\\Dns\\": "lib"
                },
                "files": [
                    "lib/constants.php",
                    "lib/functions.php"
                ]
            },
            "notification-url": "https://packagist.org/downloads/",
            "license": [
                "MIT"
            ],
            "authors": [
                {
                    "name": "Bob Weinand",
                    "email": "bobwei9@hotmail.com"
                },
                {
                    "name": "Niklas Keller",
                    "email": "me@kelunik.com"
                },
                {
                    "name": "Daniel Lowrey",
                    "email": "rdlowrey@php.net"
                },
                {
                    "name": "Chris Wright",
                    "email": "addr@daverandom.com"
                }
            ],
            "description": "Async DNS resolution built on the amp concurrency framework",
            "homepage": "https://github.com/amphp/dns",
            "keywords": [
                "amp",
                "async",
                "client",
                "dns",
                "resolve"
            ],
            "time": "2016-02-29 18:58:53"
        },
        {
            "name": "amphp/file",
            "version": "v0.1.1",
            "source": {
                "type": "git",
                "url": "https://github.com/amphp/file.git",
                "reference": "cb3b8e536b744727f7cd78645fc879f787b24e96"
            },
            "dist": {
                "type": "zip",
                "url": "https://api.github.com/repos/amphp/file/zipball/cb3b8e536b744727f7cd78645fc879f787b24e96",
                "reference": "cb3b8e536b744727f7cd78645fc879f787b24e96",
                "shasum": ""
            },
            "require": {
                "amphp/amp": "^1",
                "php": ">=5.5"
            },
            "require-dev": {
                "fabpot/php-cs-fixer": "~1.9",
                "phpunit/phpunit": "~4.8"
            },
            "type": "library",
            "extra": {
                "branch-alias": {
                    "dev-master": "0.1.0-dev"
                }
            },
            "autoload": {
                "psr-4": {
                    "Amp\\File\\": "lib"
                },
                "files": [
                    "lib/functions.php"
                ]
            },
            "notification-url": "https://packagist.org/downloads/",
            "license": [
                "MIT"
            ],
            "authors": [
                {
                    "name": "Daniel Lowrey",
                    "email": "rdlowrey@php.net"
                }
            ],
            "description": "An async filesystem library built on the amp concurrency framework",
            "homepage": "https://github.com/amphp/file",
            "keywords": [
                "amp",
                "amphp",
                "async",
                "disk",
                "file",
                "non-blocking",
                "static"
            ],
            "time": "2016-02-08 01:02:23"
        },
        {
            "name": "amphp/socket",
            "version": "v0.9.4",
            "source": {
                "type": "git",
                "url": "https://github.com/amphp/socket.git",
                "reference": "e30103523cd65072814dc5f9b44b5fc05d38c2e3"
            },
            "dist": {
                "type": "zip",
                "url": "https://api.github.com/repos/amphp/socket/zipball/e30103523cd65072814dc5f9b44b5fc05d38c2e3",
                "reference": "e30103523cd65072814dc5f9b44b5fc05d38c2e3",
                "shasum": ""
            },
            "require": {
                "amphp/amp": "^1",
                "amphp/dns": "~0.8.0",
                "php": ">=5.5"
            },
            "require-dev": {
                "fabpot/php-cs-fixer": "~1.9",
                "phpunit/phpunit": "~4.8"
            },
            "type": "library",
            "autoload": {
                "psr-4": {
                    "Amp\\Socket\\": "lib/"
                },
                "files": [
                    "lib/functions.php"
                ]
            },
            "notification-url": "https://packagist.org/downloads/",
            "license": [
                "MIT"
            ],
            "authors": [
                {
                    "name": "Daniel Lowrey",
                    "email": "rdlowrey@gmail.com"
                }
            ],
            "description": "Async socket connection tools for the amp concurrency framework",
            "homepage": "https://github.com/amphp/socket",
            "keywords": [
                "amp",
                "async",
                "encryption",
                "non-blocking",
                "sockets",
                "tcp",
                "tls"
            ],
            "time": "2016-02-09 23:47:29"
        },
        {
            "name": "daverandom/libdns",
            "version": "v1.0.1",
            "source": {
                "type": "git",
                "url": "https://github.com/DaveRandom/LibDNS.git",
                "reference": "e935e8caa5ff30122bcbeb8b4ce567fa14cdf063"
            },
            "dist": {
                "type": "zip",
                "url": "https://api.github.com/repos/DaveRandom/LibDNS/zipball/e935e8caa5ff30122bcbeb8b4ce567fa14cdf063",
                "reference": "e935e8caa5ff30122bcbeb8b4ce567fa14cdf063",
                "shasum": ""
            },
            "require": {
                "php": ">=5.4.0"
            },
            "type": "library",
            "autoload": {
                "psr-4": {
                    "LibDNS\\": "src/"
                }
            },
            "notification-url": "https://packagist.org/downloads/",
            "license": [
                "MIT"
            ],
            "description": "DNS protocol implementation written in pure PHP",
            "keywords": [
                "dns"
            ],
            "time": "2015-04-02 15:42:15"
        },
        {
            "name": "doctrine/inflector",
            "version": "v1.1.0",
            "source": {
                "type": "git",
                "url": "https://github.com/doctrine/inflector.git",
                "reference": "90b2128806bfde671b6952ab8bea493942c1fdae"
            },
            "dist": {
                "type": "zip",
                "url": "https://api.github.com/repos/doctrine/inflector/zipball/90b2128806bfde671b6952ab8bea493942c1fdae",
                "reference": "90b2128806bfde671b6952ab8bea493942c1fdae",
                "shasum": ""
            },
            "require": {
                "php": ">=5.3.2"
            },
            "require-dev": {
                "phpunit/phpunit": "4.*"
            },
            "type": "library",
            "extra": {
                "branch-alias": {
                    "dev-master": "1.1.x-dev"
                }
            },
            "autoload": {
                "psr-0": {
                    "Doctrine\\Common\\Inflector\\": "lib/"
                }
            },
            "notification-url": "https://packagist.org/downloads/",
            "license": [
                "MIT"
            ],
            "authors": [
                {
                    "name": "Roman Borschel",
                    "email": "roman@code-factory.org"
                },
                {
                    "name": "Benjamin Eberlei",
                    "email": "kontakt@beberlei.de"
                },
                {
                    "name": "Guilherme Blanco",
                    "email": "guilhermeblanco@gmail.com"
                },
                {
                    "name": "Jonathan Wage",
                    "email": "jonwage@gmail.com"
                },
                {
                    "name": "Johannes Schmitt",
                    "email": "schmittjoh@gmail.com"
                }
            ],
            "description": "Common String Manipulations with regard to casing and singular/plural rules.",
            "homepage": "http://www.doctrine-project.org",
            "keywords": [
                "inflection",
                "pluralize",
                "singularize",
                "string"
            ],
            "time": "2015-11-06 14:35:42"
        },
        {
            "name": "illuminate/contracts",
            "version": "v5.2.21",
            "source": {
                "type": "git",
                "url": "https://github.com/illuminate/contracts.git",
                "reference": "eea3cf7ce90651e067a914d16383b019da45fcb5"
            },
            "dist": {
                "type": "zip",
                "url": "https://api.github.com/repos/illuminate/contracts/zipball/eea3cf7ce90651e067a914d16383b019da45fcb5",
                "reference": "eea3cf7ce90651e067a914d16383b019da45fcb5",
                "shasum": ""
            },
            "require": {
                "php": ">=5.5.9"
            },
            "type": "library",
            "extra": {
                "branch-alias": {
                    "dev-master": "5.2-dev"
                }
            },
            "autoload": {
                "psr-4": {
                    "Illuminate\\Contracts\\": ""
                }
            },
            "notification-url": "https://packagist.org/downloads/",
            "license": [
                "MIT"
            ],
            "authors": [
                {
                    "name": "Taylor Otwell",
                    "email": "taylorotwell@gmail.com"
                }
            ],
            "description": "The Illuminate Contracts package.",
            "homepage": "http://laravel.com",
            "time": "2016-02-22 09:18:57"
        },
        {
            "name": "illuminate/support",
            "version": "v5.2.21",
            "source": {
                "type": "git",
                "url": "https://github.com/illuminate/support.git",
                "reference": "6749fab3f3d38d8b15427536a8e7bbdc57497c9e"
            },
            "dist": {
                "type": "zip",
                "url": "https://api.github.com/repos/illuminate/support/zipball/6749fab3f3d38d8b15427536a8e7bbdc57497c9e",
                "reference": "6749fab3f3d38d8b15427536a8e7bbdc57497c9e",
                "shasum": ""
            },
            "require": {
                "doctrine/inflector": "~1.0",
                "ext-mbstring": "*",
                "illuminate/contracts": "5.2.*",
                "php": ">=5.5.9"
            },
            "suggest": {
                "illuminate/filesystem": "Required to use the composer class (5.2.*).",
                "jeremeamia/superclosure": "Required to be able to serialize closures (~2.2).",
                "paragonie/random_compat": "Provides a compatible interface like PHP7's random_bytes() in PHP 5 projects (~1.1).",
                "symfony/polyfill-php56": "Required to use the hash_equals function on PHP 5.5 (~1.0).",
                "symfony/process": "Required to use the composer class (2.8.*|3.0.*).",
                "symfony/var-dumper": "Improves the dd function (2.8.*|3.0.*)."
            },
            "type": "library",
            "extra": {
                "branch-alias": {
                    "dev-master": "5.2-dev"
                }
            },
            "autoload": {
                "psr-4": {
                    "Illuminate\\Support\\": ""
                },
                "files": [
                    "helpers.php"
                ]
            },
            "notification-url": "https://packagist.org/downloads/",
            "license": [
                "MIT"
            ],
            "authors": [
                {
                    "name": "Taylor Otwell",
                    "email": "taylorotwell@gmail.com"
                }
            ],
            "description": "The Illuminate Support package.",
            "homepage": "http://laravel.com",
            "time": "2016-02-22 20:29:02"
        },
        {
            "name": "nc/faye-client",
            "version": "v1.1.1",
            "source": {
                "type": "git",
                "url": "https://github.com/nchaulet/faye-client.git",
                "reference": "96859ea7717435e8f454e918726b15c98f41ba5d"
            },
            "dist": {
                "type": "zip",
                "url": "https://api.github.com/repos/nchaulet/faye-client/zipball/96859ea7717435e8f454e918726b15c98f41ba5d",
                "reference": "96859ea7717435e8f454e918726b15c98f41ba5d",
                "shasum": ""
            },
            "require": {
                "php": ">=5.3.0"
            },
            "require-dev": {
                "atoum/atoum": "dev-master",
                "guzzle/guzzle": "~3.0"
            },
            "suggest": {
                "guzzle/guzzle": "~3.0"
            },
            "type": "library",
            "autoload": {
                "psr-0": {
                    "Nc\\FayeClient": "src/"
                }
            },
            "notification-url": "https://packagist.org/downloads/",
            "license": [
                "MIT"
            ],
            "authors": [
                {
                    "name": "nchaulet",
                    "email": "n.chaulet@gmail.com"
                }
            ],
            "description": "Php client for interacting with faye server",
            "keywords": [
                "faye",
                "websocket"
            ],
            "time": "2014-06-10 06:11:09"
        },
        {
            "name": "nesbot/carbon",
            "version": "1.21.0",
            "source": {
                "type": "git",
                "url": "https://github.com/briannesbitt/Carbon.git",
                "reference": "7b08ec6f75791e130012f206e3f7b0e76e18e3d7"
            },
            "dist": {
                "type": "zip",
                "url": "https://api.github.com/repos/briannesbitt/Carbon/zipball/7b08ec6f75791e130012f206e3f7b0e76e18e3d7",
                "reference": "7b08ec6f75791e130012f206e3f7b0e76e18e3d7",
                "shasum": ""
            },
            "require": {
                "php": ">=5.3.0",
                "symfony/translation": "~2.6|~3.0"
            },
            "require-dev": {
                "phpunit/phpunit": "~4.0|~5.0"
            },
            "type": "library",
            "autoload": {
                "psr-4": {
                    "Carbon\\": "src/Carbon/"
                }
            },
            "notification-url": "https://packagist.org/downloads/",
            "license": [
                "MIT"
            ],
            "authors": [
                {
                    "name": "Brian Nesbitt",
                    "email": "brian@nesbot.com",
                    "homepage": "http://nesbot.com"
                }
            ],
            "description": "A simple API extension for DateTime.",
            "homepage": "http://carbon.nesbot.com",
            "keywords": [
                "date",
                "datetime",
                "time"
            ],
            "time": "2015-11-04 20:07:17"
        },
        {
            "name": "symfony/polyfill-mbstring",
            "version": "v1.1.0",
            "source": {
                "type": "git",
                "url": "https://github.com/symfony/polyfill-mbstring.git",
                "reference": "1289d16209491b584839022f29257ad859b8532d"
            },
            "dist": {
                "type": "zip",
                "url": "https://api.github.com/repos/symfony/polyfill-mbstring/zipball/1289d16209491b584839022f29257ad859b8532d",
                "reference": "1289d16209491b584839022f29257ad859b8532d",
                "shasum": ""
            },
            "require": {
                "php": ">=5.3.3"
            },
            "suggest": {
                "ext-mbstring": "For best performance"
            },
            "type": "library",
            "extra": {
                "branch-alias": {
                    "dev-master": "1.1-dev"
                }
            },
            "autoload": {
                "psr-4": {
                    "Symfony\\Polyfill\\Mbstring\\": ""
                },
                "files": [
                    "bootstrap.php"
                ]
            },
            "notification-url": "https://packagist.org/downloads/",
            "license": [
                "MIT"
            ],
            "authors": [
                {
                    "name": "Nicolas Grekas",
                    "email": "p@tchwork.com"
                },
                {
                    "name": "Symfony Community",
                    "homepage": "https://symfony.com/contributors"
                }
            ],
            "description": "Symfony polyfill for the Mbstring extension",
            "homepage": "https://symfony.com",
            "keywords": [
                "compatibility",
                "mbstring",
                "polyfill",
                "portable",
                "shim"
            ],
            "time": "2016-01-20 09:13:37"
        },
        {
            "name": "symfony/translation",
            "version": "v3.0.3",
            "source": {
                "type": "git",
                "url": "https://github.com/symfony/translation.git",
                "reference": "2de0b6f7ebe43cffd8a06996ebec6aab79ea9e91"
            },
            "dist": {
                "type": "zip",
                "url": "https://api.github.com/repos/symfony/translation/zipball/2de0b6f7ebe43cffd8a06996ebec6aab79ea9e91",
                "reference": "2de0b6f7ebe43cffd8a06996ebec6aab79ea9e91",
                "shasum": ""
            },
            "require": {
                "php": ">=5.5.9",
                "symfony/polyfill-mbstring": "~1.0"
            },
            "conflict": {
                "symfony/config": "<2.8"
            },
            "require-dev": {
                "psr/log": "~1.0",
                "symfony/config": "~2.8|~3.0",
                "symfony/intl": "~2.8|~3.0",
                "symfony/yaml": "~2.8|~3.0"
            },
            "suggest": {
                "psr/log": "To use logging capability in translator",
                "symfony/config": "",
                "symfony/yaml": ""
            },
            "type": "library",
            "extra": {
                "branch-alias": {
                    "dev-master": "3.0-dev"
                }
            },
            "autoload": {
                "psr-4": {
                    "Symfony\\Component\\Translation\\": ""
                },
                "exclude-from-classmap": [
                    "/Tests/"
                ]
            },
            "notification-url": "https://packagist.org/downloads/",
            "license": [
                "MIT"
            ],
            "authors": [
                {
                    "name": "Fabien Potencier",
                    "email": "fabien@symfony.com"
                },
                {
                    "name": "Symfony Community",
                    "homepage": "https://symfony.com/contributors"
                }
            ],
            "description": "Symfony Translation Component",
            "homepage": "https://symfony.com",
            "time": "2016-02-02 13:44:19"
        }
    ],
    "packages-dev": [],
    "aliases": [],
    "minimum-stability": "stable",
    "stability-flags": [],
    "prefer-stable": false,
    "prefer-lowest": false,
    "platform": {
        "php": ">=7.0"
    },
    "platform-dev": []
}
